// !$*UTF8*$!
{
	archiveVersion = 1;
	classes = {
	};
	objectVersion = 46;
	objects = {

/* Begin PBXBuildFile section */
		9E0AB4181AE30C8100C5E96F /* KTDataStore.swift in Sources */ = {isa = PBXBuildFile; fileRef = 9E0AB4171AE30C8100C5E96F /* KTDataStore.swift */; };
		9E3506BE1ADF1EC500CFDA8B /* KTStoryViewController.swift in Sources */ = {isa = PBXBuildFile; fileRef = 9E3506BD1ADF1EC500CFDA8B /* KTStoryViewController.swift */; };
		9E3506C41ADF27E100CFDA8B /* KTTransitionManager.swift in Sources */ = {isa = PBXBuildFile; fileRef = 9E3506C31ADF27E100CFDA8B /* KTTransitionManager.swift */; };
		9E49662B1ADE0F4E0043D37D /* AppDelegate.swift in Sources */ = {isa = PBXBuildFile; fileRef = 9E49662A1ADE0F4E0043D37D /* AppDelegate.swift */; };
		9E49662D1ADE0F4E0043D37D /* KTLaunchViewController.swift in Sources */ = {isa = PBXBuildFile; fileRef = 9E49662C1ADE0F4E0043D37D /* KTLaunchViewController.swift */; };
		9E4966301ADE0F4E0043D37D /* Main.storyboard in Resources */ = {isa = PBXBuildFile; fileRef = 9E49662E1ADE0F4E0043D37D /* Main.storyboard */; };
		9E4966321ADE0F4E0043D37D /* Images.xcassets in Resources */ = {isa = PBXBuildFile; fileRef = 9E4966311ADE0F4E0043D37D /* Images.xcassets */; };
		9E4966411ADE0F4E0043D37D /* KaranThukralTests.swift in Sources */ = {isa = PBXBuildFile; fileRef = 9E4966401ADE0F4E0043D37D /* KaranThukralTests.swift */; };
		9E766FA31AE45DFC00500018 /* KTTimelineBarView.swift in Sources */ = {isa = PBXBuildFile; fileRef = 9E766FA21AE45DFC00500018 /* KTTimelineBarView.swift */; };
		9EA605291AE301B700B2DF96 /* KTTimelineViewController.swift in Sources */ = {isa = PBXBuildFile; fileRef = 9EA605281AE301B700B2DF96 /* KTTimelineViewController.swift */; };
		9EA6052B1AE3024400B2DF96 /* KTTimelineCell.swift in Sources */ = {isa = PBXBuildFile; fileRef = 9EA6052A1AE3024400B2DF96 /* KTTimelineCell.swift */; };
		9EA6052F1AE304A200B2DF96 /* MavenPro-Regular.ttf in Resources */ = {isa = PBXBuildFile; fileRef = 9EA6052C1AE304A200B2DF96 /* MavenPro-Regular.ttf */; };
		9EA605301AE304A200B2DF96 /* MavenProLight-200.otf in Resources */ = {isa = PBXBuildFile; fileRef = 9EA6052D1AE304A200B2DF96 /* MavenProLight-200.otf */; };
		9EA605311AE304A200B2DF96 /* MavenProLight-300.otf in Resources */ = {isa = PBXBuildFile; fileRef = 9EA6052E1AE304A200B2DF96 /* MavenProLight-300.otf */; };
		9EC421221AE5E8DC006A6F80 /* KTConstants.swift in Sources */ = {isa = PBXBuildFile; fileRef = 9EC421211AE5E8DC006A6F80 /* KTConstants.swift */; };
/* End PBXBuildFile section */

/* Begin PBXContainerItemProxy section */
		9E49663B1ADE0F4E0043D37D /* PBXContainerItemProxy */ = {
			isa = PBXContainerItemProxy;
			containerPortal = 9E49661D1ADE0F4E0043D37D /* Project object */;
			proxyType = 1;
			remoteGlobalIDString = 9E4966241ADE0F4E0043D37D;
			remoteInfo = KaranThukral;
		};
/* End PBXContainerItemProxy section */

/* Begin PBXFileReference section */
		9E0AB4171AE30C8100C5E96F /* KTDataStore.swift */ = {isa = PBXFileReference; fileEncoding = 4; lastKnownFileType = sourcecode.swift; path = KTDataStore.swift; sourceTree = "<group>"; };
		9E3506BD1ADF1EC500CFDA8B /* KTStoryViewController.swift */ = {isa = PBXFileReference; fileEncoding = 4; lastKnownFileType = sourcecode.swift; path = KTStoryViewController.swift; sourceTree = "<group>"; };
		9E3506C31ADF27E100CFDA8B /* KTTransitionManager.swift */ = {isa = PBXFileReference; fileEncoding = 4; lastKnownFileType = sourcecode.swift; path = KTTransitionManager.swift; sourceTree = "<group>"; };
		9E4966251ADE0F4E0043D37D /* KaranThukral.app */ = {isa = PBXFileReference; explicitFileType = wrapper.application; includeInIndex = 0; path = KaranThukral.app; sourceTree = BUILT_PRODUCTS_DIR; };
		9E4966291ADE0F4E0043D37D /* Info.plist */ = {isa = PBXFileReference; lastKnownFileType = text.plist.xml; path = Info.plist; sourceTree = "<group>"; };
		9E49662A1ADE0F4E0043D37D /* AppDelegate.swift */ = {isa = PBXFileReference; lastKnownFileType = sourcecode.swift; path = AppDelegate.swift; sourceTree = "<group>"; };
		9E49662C1ADE0F4E0043D37D /* KTLaunchViewController.swift */ = {isa = PBXFileReference; lastKnownFileType = sourcecode.swift; path = KTLaunchViewController.swift; sourceTree = "<group>"; };
		9E49662F1ADE0F4E0043D37D /* Base */ = {isa = PBXFileReference; lastKnownFileType = file.storyboard; name = Base; path = Base.lproj/Main.storyboard; sourceTree = "<group>"; };
		9E4966311ADE0F4E0043D37D /* Images.xcassets */ = {isa = PBXFileReference; lastKnownFileType = folder.assetcatalog; path = Images.xcassets; sourceTree = "<group>"; };
		9E49663A1ADE0F4E0043D37D /* KaranThukralTests.xctest */ = {isa = PBXFileReference; explicitFileType = wrapper.cfbundle; includeInIndex = 0; path = KaranThukralTests.xctest; sourceTree = BUILT_PRODUCTS_DIR; };
		9E49663F1ADE0F4E0043D37D /* Info.plist */ = {isa = PBXFileReference; lastKnownFileType = text.plist.xml; path = Info.plist; sourceTree = "<group>"; };
		9E4966401ADE0F4E0043D37D /* KaranThukralTests.swift */ = {isa = PBXFileReference; lastKnownFileType = sourcecode.swift; path = KaranThukralTests.swift; sourceTree = "<group>"; };
		9E766FA21AE45DFC00500018 /* KTTimelineBarView.swift */ = {isa = PBXFileReference; fileEncoding = 4; lastKnownFileType = sourcecode.swift; path = KTTimelineBarView.swift; sourceTree = "<group>"; };
		9EA605281AE301B700B2DF96 /* KTTimelineViewController.swift */ = {isa = PBXFileReference; fileEncoding = 4; lastKnownFileType = sourcecode.swift; path = KTTimelineViewController.swift; sourceTree = "<group>"; };
		9EA6052A1AE3024400B2DF96 /* KTTimelineCell.swift */ = {isa = PBXFileReference; fileEncoding = 4; lastKnownFileType = sourcecode.swift; path = KTTimelineCell.swift; sourceTree = "<group>"; };
		9EA6052C1AE304A200B2DF96 /* MavenPro-Regular.ttf */ = {isa = PBXFileReference; lastKnownFileType = file; path = "MavenPro-Regular.ttf"; sourceTree = "<group>"; };
		9EA6052D1AE304A200B2DF96 /* MavenProLight-200.otf */ = {isa = PBXFileReference; lastKnownFileType = file; path = "MavenProLight-200.otf"; sourceTree = "<group>"; };
		9EA6052E1AE304A200B2DF96 /* MavenProLight-300.otf */ = {isa = PBXFileReference; lastKnownFileType = file; path = "MavenProLight-300.otf"; sourceTree = "<group>"; };
		9EC421211AE5E8DC006A6F80 /* KTConstants.swift */ = {isa = PBXFileReference; fileEncoding = 4; lastKnownFileType = sourcecode.swift; path = KTConstants.swift; sourceTree = "<group>"; };
/* End PBXFileReference section */

/* Begin PBXFrameworksBuildPhase section */
		9E4966221ADE0F4E0043D37D /* Frameworks */ = {
			isa = PBXFrameworksBuildPhase;
			buildActionMask = 2147483647;
			files = (
			);
			runOnlyForDeploymentPostprocessing = 0;
		};
		9E4966371ADE0F4E0043D37D /* Frameworks */ = {
			isa = PBXFrameworksBuildPhase;
			buildActionMask = 2147483647;
			files = (
			);
			runOnlyForDeploymentPostprocessing = 0;
		};
/* End PBXFrameworksBuildPhase section */

/* Begin PBXGroup section */
		9E3506BC1ADF1EA000CFDA8B /* View Controllers */ = {
			isa = PBXGroup;
			children = (
				9E49662C1ADE0F4E0043D37D /* KTLaunchViewController.swift */,
				9E3506BD1ADF1EC500CFDA8B /* KTStoryViewController.swift */,
				9EA605281AE301B700B2DF96 /* KTTimelineViewController.swift */,
			);
			name = "View Controllers";
			sourceTree = "<group>";
		};
		9E49661C1ADE0F4E0043D37D = {
			isa = PBXGroup;
			children = (
				9E4966271ADE0F4E0043D37D /* KaranThukral */,
				9E49663D1ADE0F4E0043D37D /* KaranThukralTests */,
				9E4966261ADE0F4E0043D37D /* Products */,
			);
			sourceTree = "<group>";
		};
		9E4966261ADE0F4E0043D37D /* Products */ = {
			isa = PBXGroup;
			children = (
				9E4966251ADE0F4E0043D37D /* KaranThukral.app */,
				9E49663A1ADE0F4E0043D37D /* KaranThukralTests.xctest */,
			);
			name = Products;
			sourceTree = "<group>";
		};
		9E4966271ADE0F4E0043D37D /* KaranThukral */ = {
			isa = PBXGroup;
			children = (
				9E49662A1ADE0F4E0043D37D /* AppDelegate.swift */,
				9E3506BC1ADF1EA000CFDA8B /* View Controllers */,
				9E79A4611AE84CC2001E16B9 /* Views */,
				9E79A46B1AE84D0C001E16B9 /* Utils */,
				9E4966311ADE0F4E0043D37D /* Images.xcassets */,
				9E4966281ADE0F4E0043D37D /* Supporting Files */,
			);
			path = KaranThukral;
			sourceTree = "<group>";
		};
		9E4966281ADE0F4E0043D37D /* Supporting Files */ = {
			isa = PBXGroup;
			children = (
				9EA605321AE304A700B2DF96 /* Fonts */,
				9E4966291ADE0F4E0043D37D /* Info.plist */,
			);
			name = "Supporting Files";
			sourceTree = "<group>";
		};
		9E49663D1ADE0F4E0043D37D /* KaranThukralTests */ = {
			isa = PBXGroup;
			children = (
				9E4966401ADE0F4E0043D37D /* KaranThukralTests.swift */,
				9E49663E1ADE0F4E0043D37D /* Supporting Files */,
			);
			path = KaranThukralTests;
			sourceTree = "<group>";
		};
		9E49663E1ADE0F4E0043D37D /* Supporting Files */ = {
			isa = PBXGroup;
			children = (
				9E49663F1ADE0F4E0043D37D /* Info.plist */,
			);
			name = "Supporting Files";
			sourceTree = "<group>";
		};
		9E79A4611AE84CC2001E16B9 /* Views */ = {
			isa = PBXGroup;
			children = (
				9E49662E1ADE0F4E0043D37D /* Main.storyboard */,
				9EA6052A1AE3024400B2DF96 /* KTTimelineCell.swift */,
				9E766FA21AE45DFC00500018 /* KTTimelineBarView.swift */,
			);
			name = Views;
			sourceTree = "<group>";
		};
		9E79A46B1AE84D0C001E16B9 /* Utils */ = {
			isa = PBXGroup;
			children = (
				9E3506C31ADF27E100CFDA8B /* KTTransitionManager.swift */,
				9E0AB4171AE30C8100C5E96F /* KTDataStore.swift */,
				9EC421211AE5E8DC006A6F80 /* KTConstants.swift */,
			);
			name = Utils;
			sourceTree = "<group>";
		};
		9EA605321AE304A700B2DF96 /* Fonts */ = {
			isa = PBXGroup;
			children = (
				9EA6052C1AE304A200B2DF96 /* MavenPro-Regular.ttf */,
				9EA6052D1AE304A200B2DF96 /* MavenProLight-200.otf */,
				9EA6052E1AE304A200B2DF96 /* MavenProLight-300.otf */,
			);
			name = Fonts;
			sourceTree = "<group>";
		};
/* End PBXGroup section */

/* Begin PBXNativeTarget section */
		9E4966241ADE0F4E0043D37D /* KaranThukral */ = {
			isa = PBXNativeTarget;
			buildConfigurationList = 9E4966441ADE0F4E0043D37D /* Build configuration list for PBXNativeTarget "KaranThukral" */;
			buildPhases = (
				9E4966211ADE0F4E0043D37D /* Sources */,
				9E4966221ADE0F4E0043D37D /* Frameworks */,
				9E4966231ADE0F4E0043D37D /* Resources */,
			);
			buildRules = (
			);
			dependencies = (
			);
			name = KaranThukral;
			productName = KaranThukral;
			productReference = 9E4966251ADE0F4E0043D37D /* KaranThukral.app */;
			productType = "com.apple.product-type.application";
		};
		9E4966391ADE0F4E0043D37D /* KaranThukralTests */ = {
			isa = PBXNativeTarget;
			buildConfigurationList = 9E4966471ADE0F4E0043D37D /* Build configuration list for PBXNativeTarget "KaranThukralTests" */;
			buildPhases = (
				9E4966361ADE0F4E0043D37D /* Sources */,
				9E4966371ADE0F4E0043D37D /* Frameworks */,
				9E4966381ADE0F4E0043D37D /* Resources */,
			);
			buildRules = (
			);
			dependencies = (
				9E49663C1ADE0F4E0043D37D /* PBXTargetDependency */,
			);
			name = KaranThukralTests;
			productName = KaranThukralTests;
			productReference = 9E49663A1ADE0F4E0043D37D /* KaranThukralTests.xctest */;
			productType = "com.apple.product-type.bundle.unit-test";
		};
/* End PBXNativeTarget section */

/* Begin PBXProject section */
		9E49661D1ADE0F4E0043D37D /* Project object */ = {
			isa = PBXProject;
			attributes = {
				LastUpgradeCheck = 0630;
				ORGANIZATIONNAME = "Karan Thukral";
				TargetAttributes = {
					9E4966241ADE0F4E0043D37D = {
						CreatedOnToolsVersion = 6.3;
						DevelopmentTeam = WYS6PCLZAG;
					};
					9E4966391ADE0F4E0043D37D = {
						CreatedOnToolsVersion = 6.3;
						TestTargetID = 9E4966241ADE0F4E0043D37D;
					};
				};
			};
			buildConfigurationList = 9E4966201ADE0F4E0043D37D /* Build configuration list for PBXProject "KaranThukral" */;
			compatibilityVersion = "Xcode 3.2";
			developmentRegion = English;
			hasScannedForEncodings = 0;
			knownRegions = (
				en,
				Base,
			);
			mainGroup = 9E49661C1ADE0F4E0043D37D;
			productRefGroup = 9E4966261ADE0F4E0043D37D /* Products */;
			projectDirPath = "";
			projectRoot = "";
			targets = (
				9E4966241ADE0F4E0043D37D /* KaranThukral */,
				9E4966391ADE0F4E0043D37D /* KaranThukralTests */,
			);
		};
/* End PBXProject section */

/* Begin PBXResourcesBuildPhase section */
		9E4966231ADE0F4E0043D37D /* Resources */ = {
			isa = PBXResourcesBuildPhase;
			buildActionMask = 2147483647;
			files = (
				9E4966301ADE0F4E0043D37D /* Main.storyboard in Resources */,
				9EA605301AE304A200B2DF96 /* MavenProLight-200.otf in Resources */,
				9E4966321ADE0F4E0043D37D /* Images.xcassets in Resources */,
				9EA605311AE304A200B2DF96 /* MavenProLight-300.otf in Resources */,
				9EA6052F1AE304A200B2DF96 /* MavenPro-Regular.ttf in Resources */,
			);
			runOnlyForDeploymentPostprocessing = 0;
		};
		9E4966381ADE0F4E0043D37D /* Resources */ = {
			isa = PBXResourcesBuildPhase;
			buildActionMask = 2147483647;
			files = (
			);
			runOnlyForDeploymentPostprocessing = 0;
		};
/* End PBXResourcesBuildPhase section */

/* Begin PBXSourcesBuildPhase section */
		9E4966211ADE0F4E0043D37D /* Sources */ = {
			isa = PBXSourcesBuildPhase;
			buildActionMask = 2147483647;
			files = (
				9E766FA31AE45DFC00500018 /* KTTimelineBarView.swift in Sources */,
				9E3506C41ADF27E100CFDA8B /* KTTransitionManager.swift in Sources */,
				9EA6052B1AE3024400B2DF96 /* KTTimelineCell.swift in Sources */,
				9EA605291AE301B700B2DF96 /* KTTimelineViewController.swift in Sources */,
				9E0AB4181AE30C8100C5E96F /* KTDataStore.swift in Sources */,
				9EC421221AE5E8DC006A6F80 /* KTConstants.swift in Sources */,
				9E49662D1ADE0F4E0043D37D /* KTLaunchViewController.swift in Sources */,
				9E3506BE1ADF1EC500CFDA8B /* KTStoryViewController.swift in Sources */,
				9E49662B1ADE0F4E0043D37D /* AppDelegate.swift in Sources */,
			);
			runOnlyForDeploymentPostprocessing = 0;
		};
		9E4966361ADE0F4E0043D37D /* Sources */ = {
			isa = PBXSourcesBuildPhase;
			buildActionMask = 2147483647;
			files = (
				9E4966411ADE0F4E0043D37D /* KaranThukralTests.swift in Sources */,
			);
			runOnlyForDeploymentPostprocessing = 0;
		};
/* End PBXSourcesBuildPhase section */

/* Begin PBXTargetDependency section */
		9E49663C1ADE0F4E0043D37D /* PBXTargetDependency */ = {
			isa = PBXTargetDependency;
			target = 9E4966241ADE0F4E0043D37D /* KaranThukral */;
			targetProxy = 9E49663B1ADE0F4E0043D37D /* PBXContainerItemProxy */;
		};
/* End PBXTargetDependency section */

/* Begin PBXVariantGroup section */
		9E49662E1ADE0F4E0043D37D /* Main.storyboard */ = {
			isa = PBXVariantGroup;
			children = (
				9E49662F1ADE0F4E0043D37D /* Base */,
			);
			name = Main.storyboard;
			sourceTree = "<group>";
		};
/* End PBXVariantGroup section */

/* Begin XCBuildConfiguration section */
		9E4966421ADE0F4E0043D37D /* Debug */ = {
			isa = XCBuildConfiguration;
			buildSettings = {
				ALWAYS_SEARCH_USER_PATHS = NO;
				CLANG_CXX_LANGUAGE_STANDARD = "gnu++0x";
				CLANG_CXX_LIBRARY = "libc++";
				CLANG_ENABLE_MODULES = YES;
				CLANG_ENABLE_OBJC_ARC = YES;
				CLANG_WARN_BOOL_CONVERSION = YES;
				CLANG_WARN_CONSTANT_CONVERSION = YES;
				CLANG_WARN_DIRECT_OBJC_ISA_USAGE = YES_ERROR;
				CLANG_WARN_EMPTY_BODY = YES;
				CLANG_WARN_ENUM_CONVERSION = YES;
				CLANG_WARN_INT_CONVERSION = YES;
				CLANG_WARN_OBJC_ROOT_CLASS = YES_ERROR;
				CLANG_WARN_UNREACHABLE_CODE = YES;
				CLANG_WARN__DUPLICATE_METHOD_MATCH = YES;
				"CODE_SIGN_IDENTITY[sdk=iphoneos*]" = "iPhone Developer";
				COPY_PHASE_STRIP = NO;
				DEBUG_INFORMATION_FORMAT = "dwarf-with-dsym";
				ENABLE_STRICT_OBJC_MSGSEND = YES;
				GCC_C_LANGUAGE_STANDARD = gnu99;
				GCC_DYNAMIC_NO_PIC = NO;
				GCC_NO_COMMON_BLOCKS = YES;
				GCC_OPTIMIZATION_LEVEL = 0;
				GCC_PREPROCESSOR_DEFINITIONS = (
					"DEBUG=1",
					"$(inherited)",
				);
				GCC_SYMBOLS_PRIVATE_EXTERN = NO;
				GCC_WARN_64_TO_32_BIT_CONVERSION = YES;
				GCC_WARN_ABOUT_RETURN_TYPE = YES_ERROR;
				GCC_WARN_UNDECLARED_SELECTOR = YES;
				GCC_WARN_UNINITIALIZED_AUTOS = YES_AGGRESSIVE;
				GCC_WARN_UNUSED_FUNCTION = YES;
				GCC_WARN_UNUSED_VARIABLE = YES;
				IPHONEOS_DEPLOYMENT_TARGET = 8.3;
				MTL_ENABLE_DEBUG_INFO = YES;
				ONLY_ACTIVE_ARCH = YES;
				SDKROOT = iphoneos;
				SWIFT_OPTIMIZATION_LEVEL = "-Onone";
			};
			name = Debug;
		};
		9E4966431ADE0F4E0043D37D /* Release */ = {
			isa = XCBuildConfiguration;
			buildSettings = {
				ALWAYS_SEARCH_USER_PATHS = NO;
				CLANG_CXX_LANGUAGE_STANDARD = "gnu++0x";
				CLANG_CXX_LIBRARY = "libc++";
				CLANG_ENABLE_MODULES = YES;
				CLANG_ENABLE_OBJC_ARC = YES;
				CLANG_WARN_BOOL_CONVERSION = YES;
				CLANG_WARN_CONSTANT_CONVERSION = YES;
				CLANG_WARN_DIRECT_OBJC_ISA_USAGE = YES_ERROR;
				CLANG_WARN_EMPTY_BODY = YES;
				CLANG_WARN_ENUM_CONVERSION = YES;
				CLANG_WARN_INT_CONVERSION = YES;
				CLANG_WARN_OBJC_ROOT_CLASS = YES_ERROR;
				CLANG_WARN_UNREACHABLE_CODE = YES;
				CLANG_WARN__DUPLICATE_METHOD_MATCH = YES;
				"CODE_SIGN_IDENTITY[sdk=iphoneos*]" = "iPhone Developer";
				COPY_PHASE_STRIP = NO;
				DEBUG_INFORMATION_FORMAT = "dwarf-with-dsym";
				ENABLE_NS_ASSERTIONS = NO;
				ENABLE_STRICT_OBJC_MSGSEND = YES;
				GCC_C_LANGUAGE_STANDARD = gnu99;
				GCC_NO_COMMON_BLOCKS = YES;
				GCC_WARN_64_TO_32_BIT_CONVERSION = YES;
				GCC_WARN_ABOUT_RETURN_TYPE = YES_ERROR;
				GCC_WARN_UNDECLARED_SELECTOR = YES;
				GCC_WARN_UNINITIALIZED_AUTOS = YES_AGGRESSIVE;
				GCC_WARN_UNUSED_FUNCTION = YES;
				GCC_WARN_UNUSED_VARIABLE = YES;
				IPHONEOS_DEPLOYMENT_TARGET = 8.3;
				MTL_ENABLE_DEBUG_INFO = NO;
				SDKROOT = iphoneos;
				VALIDATE_PRODUCT = YES;
			};
			name = Release;
		};
		9E4966451ADE0F4E0043D37D /* Debug */ = {
			isa = XCBuildConfiguration;
			buildSettings = {
				ASSETCATALOG_COMPILER_APPICON_NAME = AppIcon;
				ASSETCATALOG_COMPILER_LAUNCHIMAGE_NAME = LaunchImage;
				CODE_SIGN_IDENTITY = "iPhone Developer";
				INFOPLIST_FILE = KaranThukral/Info.plist;
				LD_RUNPATH_SEARCH_PATHS = "$(inherited) @executable_path/Frameworks";
				PRODUCT_NAME = "$(TARGET_NAME)";
			};
			name = Debug;
		};
		9E4966461ADE0F4E0043D37D /* Release */ = {
			isa = XCBuildConfiguration;
			buildSettings = {
				ASSETCATALOG_COMPILER_APPICON_NAME = AppIcon;
				ASSETCATALOG_COMPILER_LAUNCHIMAGE_NAME = LaunchImage;
				CODE_SIGN_IDENTITY = "iPhone Developer";
				INFOPLIST_FILE = KaranThukral/Info.plist;
				LD_RUNPATH_SEARCH_PATHS = "$(inherited) @executable_path/Frameworks";
				PRODUCT_NAME = "$(TARGET_NAME)";
			};
			name = Release;
		};
		9E4966481ADE0F4E0043D37D /* Debug */ = {
			isa = XCBuildConfiguration;
			buildSettings = {
				BUNDLE_LOADER = "$(TEST_HOST)";
				FRAMEWORK_SEARCH_PATHS = (
					"$(SDKROOT)/Developer/Library/Frameworks",
					"$(inherited)",
				);
				GCC_PREPROCESSOR_DEFINITIONS = (
					"DEBUG=1",
					"$(inherited)",
				);
				INFOPLIST_FILE = KaranThukralTests/Info.plist;
				LD_RUNPATH_SEARCH_PATHS = "$(inherited) @executable_path/Frameworks @loader_path/Frameworks";
				PRODUCT_NAME = "$(TARGET_NAME)";
				TEST_HOST = "$(BUILT_PRODUCTS_DIR)/KaranThukral.app/KaranThukral";
			};
			name = Debug;
		};
		9E4966491ADE0F4E0043D37D /* Release */ = {
			isa = XCBuildConfiguration;
			buildSettings = {
				BUNDLE_LOADER = "$(TEST_HOST)";
				FRAMEWORK_SEARCH_PATHS = (
					"$(SDKROOT)/Developer/Library/Frameworks",
					"$(inherited)",
				);
				INFOPLIST_FILE = KaranThukralTests/Info.plist;
				LD_RUNPATH_SEARCH_PATHS = "$(inherited) @executable_path/Frameworks @loader_path/Frameworks";
				PRODUCT_NAME = "$(TARGET_NAME)";
				TEST_HOST = "$(BUILT_PRODUCTS_DIR)/KaranThukral.app/KaranThukral";
			};
			name = Release;
		};
/* End XCBuildConfiguration section */

/* Begin XCConfigurationList section */
		9E4966201ADE0F4E0043D37D /* Build configuration list for PBXProject "KaranThukral" */ = {
			isa = XCConfigurationList;
			buildConfigurations = (
				9E4966421ADE0F4E0043D37D /* Debug */,
				9E4966431ADE0F4E0043D37D /* Release */,
			);
			defaultConfigurationIsVisible = 0;
			defaultConfigurationName = Release;
		};
		9E4966441ADE0F4E0043D37D /* Build configuration list for PBXNativeTarget "KaranThukral" */ = {
			isa = XCConfigurationList;
			buildConfigurations = (
				9E4966451ADE0F4E0043D37D /* Debug */,
				9E4966461ADE0F4E0043D37D /* Release */,
			);
			defaultConfigurationIsVisible = 0;
			defaultConfigurationName = Release;
		};
		9E4966471ADE0F4E0043D37D /* Build configuration list for PBXNativeTarget "KaranThukralTests" */ = {
			isa = XCConfigurationList;
			buildConfigurations = (
				9E4966481ADE0F4E0043D37D /* Debug */,
				9E4966491ADE0F4E0043D37D /* Release */,
			);
			defaultConfigurationIsVisible = 0;
			defaultConfigurationName = Release;
		};
/* End XCConfigurationList section */
	};
	rootObject = 9E49661D1ADE0F4E0043D37D /* Project object */;
}
